
Microsoft Visual Studio Solution File, Format Version 12.00
# Visual Studio 15
VisualStudioVersion = 15.0.27428.2027
MinimumVisualStudioVersion = 10.0.40219.1
Project("{9A19103F-16F7-4668-BE54-9A1E7A4F7556}") = "Sample.Abstraction", "Sample.Abstraction\Sample.Abstraction.csproj", "{A98EFA17-3425-47AA-B472-35E2C1417BF8}"
EndProject
Project("{9A19103F-16F7-4668-BE54-9A1E7A4F7556}") = "Sample.Api", "Sample.Api\Sample.Api.csproj", "{876B9409-C5CF-41D4-BAF9-B13B1CBACF7E}"
EndProject
Project("{9A19103F-16F7-4668-BE54-9A1E7A4F7556}") = "Sample.Repository", "Sample.Repository\Sample.Repository.csproj", "{89429605-8D35-4A0A-8B03-B210FA499717}"
EndProject
Project("{9A19103F-16F7-4668-BE54-9A1E7A4F7556}") = "Sample.Service", "Sample.Service\Sample.Service.csproj", "{4992753A-873E-4077-924B-098257BE69CF}"
EndProject
Project("{9A19103F-16F7-4668-BE54-9A1E7A4F7556}") = "Sample.Test", "Sample.Test\Sample.Test.csproj", "{79777E9F-714D-4BF2-9A51-F5E458377354}"
EndProject
Project("{2150E333-8FDC-42A3-9474-1A3956D46DE8}") = "Solution Docs", "Solution Docs", "{11249DDA-90F5-4561-AF88-C95090D51071}"
EndProject
Global
	GlobalSection(SolutionConfigurationPlatforms) = preSolution
		Debug|Any CPU = Debug|Any CPU
		Release|Any CPU = Release|Any CPU
	EndGlobalSection
	GlobalSection(ProjectConfigurationPlatforms) = postSolution
		{A98EFA17-3425-47AA-B472-35E2C1417BF8}.Debug|Any CPU.ActiveCfg = Debug|Any CPU
		{A98EFA17-3425-47AA-B472-35E2C1417BF8}.Debug|Any CPU.Build.0 = Debug|Any CPU
		{A98EFA17-3425-47AA-B472-35E2C1417BF8}.Release|Any CPU.ActiveCfg = Release|Any CPU
		{A98EFA17-3425-47AA-B472-35E2C1417BF8}.Release|Any CPU.Build.0 = Release|Any CPU
		{876B9409-C5CF-41D4-BAF9-B13B1CBACF7E}.Debug|Any CPU.ActiveCfg = Debug|Any CPU
		{876B9409-C5CF-41D4-BAF9-B13B1CBACF7E}.Debug|Any CPU.Build.0 = Debug|Any CPU
		{876B9409-C5CF-41D4-BAF9-B13B1CBACF7E}.Release|Any CPU.ActiveCfg = Release|Any CPU
		{876B9409-C5CF-41D4-BAF9-B13B1CBACF7E}.Release|Any CPU.Build.0 = Release|Any CPU
		{89429605-8D35-4A0A-8B03-B210FA499717}.Debug|Any CPU.ActiveCfg = Debug|Any CPU
		{89429605-8D35-4A0A-8B03-B210FA499717}.Debug|Any CPU.Build.0 = Debug|Any CPU
		{89429605-8D35-4A0A-8B03-B210FA499717}.Release|Any CPU.ActiveCfg = Release|Any CPU
		{89429605-8D35-4A0A-8B03-B210FA499717}.Release|Any CPU.Build.0 = Release|Any CPU
		{4992753A-873E-4077-924B-098257BE69CF}.Debug|Any CPU.ActiveCfg = Debug|Any CPU
		{4992753A-873E-4077-924B-098257BE69CF}.Debug|Any CPU.Build.0 = Debug|Any CPU
		{4992753A-873E-4077-924B-098257BE69CF}.Release|Any CPU.ActiveCfg = Release|Any CPU
		{4992753A-873E-4077-924B-098257BE69CF}.Release|Any CPU.Build.0 = Release|Any CPU
		{79777E9F-714D-4BF2-9A51-F5E458377354}.Debug|Any CPU.ActiveCfg = Debug|Any CPU
		{79777E9F-714D-4BF2-9A51-F5E458377354}.Debug|Any CPU.Build.0 = Debug|Any CPU
		{79777E9F-714D-4BF2-9A51-F5E458377354}.Release|Any CPU.ActiveCfg = Release|Any CPU
		{79777E9F-714D-4BF2-9A51-F5E458377354}.Release|Any CPU.Build.0 = Release|Any CPU
	EndGlobalSection
	GlobalSection(SolutionProperties) = preSolution
		HideSolutionNode = FALSE
	EndGlobalSection
	GlobalSection(ExtensibilityGlobals) = postSolution
		SolutionGuid = {1BE7E031-917E-4ECA-87C9-66E6EF10F632}
	EndGlobalSection
EndGlobal
